
Microsoft Visual Studio Solution File, Format Version 12.00
# Visual Studio 14
VisualStudioVersion = 14.0.24720.0
MinimumVisualStudioVersion = 10.0.40219.1
Project("{FAE04EC0-301F-11D3-BF4B-00C04F79EFBC}") = "IsaacRGBDisplay", "k95TestSite\IsaacRGBDisplay.csproj", "{E9DB20EF-C505-45DF-A453-FB743C2FC405}"
EndProject
Project("{FAE04EC0-301F-11D3-BF4B-00C04F79EFBC}") = "PlagueIncLightControl", "PlagueIncLightControl\PlagueIncLightControl.csproj", "{D179CDF9-FC27-4146-94DE-EDCD593ED405}"
EndProject
Global
	GlobalSection(SolutionConfigurationPlatforms) = preSolution
		Debug|Any CPU = Debug|Any CPU
		Release|Any CPU = Release|Any CPU
	EndGlobalSection
	GlobalSection(ProjectConfigurationPlatforms) = postSolution
		{E9DB20EF-C505-45DF-A453-FB743C2FC405}.Debug|Any CPU.ActiveCfg = Debug|Any CPU
		{E9DB20EF-C505-45DF-A453-FB743C2FC405}.Debug|Any CPU.Build.0 = Debug|Any CPU
		{E9DB20EF-C505-45DF-A453-FB743C2FC405}.Release|Any CPU.ActiveCfg = Release|Any CPU
		{E9DB20EF-C505-45DF-A453-FB743C2FC405}.Release|Any CPU.Build.0 = Release|Any CPU
		{D179CDF9-FC27-4146-94DE-EDCD593ED405}.Debug|Any CPU.ActiveCfg = Debug|Any CPU
		{D179CDF9-FC27-4146-94DE-EDCD593ED405}.Debug|Any CPU.Build.0 = Debug|Any CPU
		{D179CDF9-FC27-4146-94DE-EDCD593ED405}.Release|Any CPU.ActiveCfg = Release|Any CPU
		{D179CDF9-FC27-4146-94DE-EDCD593ED405}.Release|Any CPU.Build.0 = Release|Any CPU
	EndGlobalSection
	GlobalSection(SolutionProperties) = preSolution
		HideSolutionNode = FALSE
	EndGlobalSection
EndGlobal
